{
  "version": 4,
  "terraform_version": "1.4.2",
  "serial": 2,
  "lineage": "d8ebf09e-2f08-d970-fc51-e6a35c4af9c6",
  "outputs": {
    "agent": {
      "value": {
        "created_at": "525feca8-6b62-451c-b817-195ee373a771",
        "description": "OpenShift CLI is an agent that can manage OpenShift CLI commands.\n",
        "environment_variables": {
          "DEBUG": "1",
          "KUBIYA_TOOL_CONFIG_URLS": "hhttps://github.com/michagonzo77/fortna-poc",
          "LOG_LEVEL": "INFO",
          "TOOLS_MANAGER_URL": "http://localhost:3001",
          "TOOLS_SERVER_URL": "http://localhost:3001",
          "TOOL_MANAGER_LOG_FILE": "/tmp/tool-manager.log",
          "TOOL_SERVER_URL": "http://localhost:3001"
        },
        "groups": [
          "Admin",
          "Users"
        ],
        "id": "d7ed2eb4-6a38-404a-893c-d4a169450995",
        "image": "kubiya/base-agent:tools-v4",
        "instructions": "You are an intelligent agent designed to help with all OpenShift tasks.\n",
        "integrations": [
          "slack"
        ],
        "links": [],
        "model": "azure/gpt-4o",
        "name": "OpenShift CLI",
        "owner": "kubiyamg@gmail.com",
        "runner": "aks-runner",
        "secrets": [
          "OPENSHIFT_TOKEN",
          "OPENSHIFT_API_URL"
        ],
        "starters": null,
        "tasks": null,
        "tools": [],
        "users": []
      },
      "type": [
        "object",
        {
          "created_at": "string",
          "description": "string",
          "environment_variables": [
            "map",
            "string"
          ],
          "groups": [
            "list",
            "string"
          ],
          "id": "string",
          "image": "string",
          "instructions": "string",
          "integrations": [
            "list",
            "string"
          ],
          "links": [
            "list",
            "string"
          ],
          "model": "string",
          "name": "string",
          "owner": "string",
          "runner": "string",
          "secrets": [
            "list",
            "string"
          ],
          "starters": [
            "list",
            [
              "object",
              {
                "command": "string",
                "name": "string"
              }
            ]
          ],
          "tasks": [
            "list",
            [
              "object",
              {
                "description": "string",
                "name": "string",
                "prompt": "string"
              }
            ]
          ],
          "tools": [
            "list",
            "string"
          ],
          "users": [
            "list",
            "string"
          ]
        }
      ]
    }
  },
  "resources": [
    {
      "mode": "managed",
      "type": "kubiya_agent",
      "name": "agent",
      "provider": "provider[\"registry.terraform.io/kubiya-terraform/kubiya\"]",
      "instances": [
        {
          "schema_version": 0,
          "attributes": {
            "created_at": "525feca8-6b62-451c-b817-195ee373a771",
            "description": "OpenShift CLI is an agent that can manage OpenShift CLI commands.\n",
            "environment_variables": {
              "DEBUG": "1",
              "KUBIYA_TOOL_CONFIG_URLS": "hhttps://github.com/michagonzo77/fortna-poc",
              "LOG_LEVEL": "INFO",
              "TOOLS_MANAGER_URL": "http://localhost:3001",
              "TOOLS_SERVER_URL": "http://localhost:3001",
              "TOOL_MANAGER_LOG_FILE": "/tmp/tool-manager.log",
              "TOOL_SERVER_URL": "http://localhost:3001"
            },
            "groups": [
              "Admin",
              "Users"
            ],
            "id": "d7ed2eb4-6a38-404a-893c-d4a169450995",
            "image": "kubiya/base-agent:tools-v4",
            "instructions": "You are an intelligent agent designed to help with all OpenShift tasks.\n",
            "integrations": [
              "slack"
            ],
            "links": [],
            "model": "azure/gpt-4o",
            "name": "OpenShift CLI",
            "owner": "kubiyamg@gmail.com",
            "runner": "aks-runner",
            "secrets": [
              "OPENSHIFT_TOKEN",
              "OPENSHIFT_API_URL"
            ],
            "starters": null,
            "tasks": null,
            "tools": [],
            "users": []
          },
          "sensitive_attributes": []
        }
      ]
    }
  ],
  "check_results": null
}
