{
  "version": 4,
  "terraform_version": "1.4.2",
  "serial": 5,
  "lineage": "74d1f5c9-3897-c9d3-7751-d3531dad8a85",
  "outputs": {
    "agent": {
      "value": {
        "created_at": "525feca8-6b62-451c-b817-195ee373a771",
        "description": "OpenShift CLI is an agent that can manage OpenShift CLI commands.",
        "environment_variables": {
          "DEBUG": "1",
          "LOG_LEVEL": "INFO"
        },
        "groups": [
          "Admin"
        ],
        "id": "8c129239-ca4c-48f5-b735-dd04a56e1e34",
        "image": "kubiya/base-agent:tools-v5",
        "instructions": "You are an intelligent agent designed to help with all OpenShift tasks.\n",
        "integrations": [
          "slack"
        ],
        "links": [],
        "model": "azure/gpt-4o",
        "name": "OpenShift CLI",
        "owner": null,
        "runner": "aks-runner",
        "secrets": [
          "OPENSHIFT_USERNAME",
          "OPENSHIFT_PASSWORD",
          "OPENSHIFT_API_URL"
        ],
        "starters": null,
        "tasks": null,
        "tool_sources": [
          "https://github.com/michagonzo77/fortna-poc"
        ],
        "users": []
      },
      "type": [
        "object",
        {
          "created_at": "string",
          "description": "string",
          "environment_variables": [
            "map",
            "string"
          ],
          "groups": [
            "list",
            "string"
          ],
          "id": "string",
          "image": "string",
          "instructions": "string",
          "integrations": [
            "list",
            "string"
          ],
          "links": [
            "list",
            "string"
          ],
          "model": "string",
          "name": "string",
          "owner": "string",
          "runner": "string",
          "secrets": [
            "list",
            "string"
          ],
          "starters": [
            "list",
            [
              "object",
              {
                "command": "string",
                "name": "string"
              }
            ]
          ],
          "tasks": [
            "list",
            [
              "object",
              {
                "description": "string",
                "name": "string",
                "prompt": "string"
              }
            ]
          ],
          "tool_sources": [
            "list",
            "string"
          ],
          "users": [
            "list",
            "string"
          ]
        }
      ]
    }
  },
  "resources": [
    {
      "mode": "managed",
      "type": "kubiya_agent",
      "name": "agent",
      "provider": "provider[\"registry.terraform.io/kubiya-terraform/kubiya\"]",
      "instances": [
        {
          "schema_version": 0,
          "attributes": {
            "created_at": "525feca8-6b62-451c-b817-195ee373a771",
            "description": "OpenShift CLI is an agent that can manage OpenShift CLI commands.",
            "environment_variables": {
              "DEBUG": "1",
              "LOG_LEVEL": "INFO"
            },
            "groups": [
              "Admin"
            ],
            "id": "8c129239-ca4c-48f5-b735-dd04a56e1e34",
            "image": "kubiya/base-agent:tools-v5",
            "instructions": "You are an intelligent agent designed to help with all OpenShift tasks.\n",
            "integrations": [
              "slack"
            ],
            "links": [],
            "model": "azure/gpt-4o",
            "name": "OpenShift CLI",
            "owner": null,
            "runner": "aks-runner",
            "secrets": [
              "OPENSHIFT_USERNAME",
              "OPENSHIFT_PASSWORD",
              "OPENSHIFT_API_URL"
            ],
            "starters": null,
            "tasks": null,
            "tool_sources": [
              "https://github.com/michagonzo77/fortna-poc"
            ],
            "users": []
          },
          "sensitive_attributes": []
        }
      ]
    }
  ],
  "check_results": null
}
